// !$*UTF8*$!
{
	archiveVersion = 1;
	classes = {
	};
	objectVersion = 56;
	objects = {

/* Begin PBXBuildFile section */
		F922775829FE09BF00E0C42F /* Ciga Watch App.app in Embed Watch Content */ = {isa = PBXBuildFile; fileRef = F922775729FE09BF00E0C42F /* Ciga Watch App.app */; settings = {ATTRIBUTES = (RemoveHeadersOnCopy, ); }; };
		F922775D29FE09BF00E0C42F /* CigaApp.swift in Sources */ = {isa = PBXBuildFile; fileRef = F922775C29FE09BF00E0C42F /* CigaApp.swift */; };
		F922775F29FE09BF00E0C42F /* ContentView.swift in Sources */ = {isa = PBXBuildFile; fileRef = F922775E29FE09BF00E0C42F /* ContentView.swift */; };
		F922776129FE09C000E0C42F /* Assets.xcassets in Resources */ = {isa = PBXBuildFile; fileRef = F922776029FE09C000E0C42F /* Assets.xcassets */; };
		F922776429FE09C000E0C42F /* Preview Assets.xcassets in Resources */ = {isa = PBXBuildFile; fileRef = F922776329FE09C000E0C42F /* Preview Assets.xcassets */; };
		F922777229FE2F8D00E0C42F /* InhaleRecord.swift in Sources */ = {isa = PBXBuildFile; fileRef = F922777129FE2F8D00E0C42F /* InhaleRecord.swift */; };
		F922777429FE31C100E0C42F /* InhaleRecordModel.swift in Sources */ = {isa = PBXBuildFile; fileRef = F922777329FE31C100E0C42F /* InhaleRecordModel.swift */; };
		F922777629FE94D500E0C42F /* TrackerView.swift in Sources */ = {isa = PBXBuildFile; fileRef = F922777529FE94D500E0C42F /* TrackerView.swift */; };
		F922777829FE956500E0C42F /* ChartView.swift in Sources */ = {isa = PBXBuildFile; fileRef = F922777729FE956500E0C42F /* ChartView.swift */; };
		F922777A29FE96CC00E0C42F /* ChartData.swift in Sources */ = {isa = PBXBuildFile; fileRef = F922777929FE96CC00E0C42F /* ChartData.swift */; };
		F922777F29FEC02900E0C42F /* Color+AppColors.swift in Sources */ = {isa = PBXBuildFile; fileRef = F922777E29FEC02900E0C42F /* Color+AppColors.swift */; };
		F922778129FEC3F900E0C42F /* DateFormatStyle.swift in Sources */ = {isa = PBXBuildFile; fileRef = F922778029FEC3F900E0C42F /* DateFormatStyle.swift */; };
		F9D799E52A021181008436C0 /* WidgetKit.framework in Frameworks */ = {isa = PBXBuildFile; fileRef = F9D799E42A021181008436C0 /* WidgetKit.framework */; };
		F9D799E72A021181008436C0 /* SwiftUI.framework in Frameworks */ = {isa = PBXBuildFile; fileRef = F9D799E62A021181008436C0 /* SwiftUI.framework */; };
		F9D799EA2A021181008436C0 /* ComplicationsWidget.swift in Sources */ = {isa = PBXBuildFile; fileRef = F9D799E92A021181008436C0 /* ComplicationsWidget.swift */; };
		F9D799ED2A021182008436C0 /* Assets.xcassets in Resources */ = {isa = PBXBuildFile; fileRef = F9D799EC2A021182008436C0 /* Assets.xcassets */; };
		F9D799EF2A021182008436C0 /* Complications.intentdefinition in Sources */ = {isa = PBXBuildFile; fileRef = F9D799EB2A021181008436C0 /* Complications.intentdefinition */; };
		F9D799F02A021182008436C0 /* Complications.intentdefinition in Sources */ = {isa = PBXBuildFile; fileRef = F9D799EB2A021181008436C0 /* Complications.intentdefinition */; };
		F9D799F32A021182008436C0 /* ComplicationsExtension.appex in Embed Foundation Extensions */ = {isa = PBXBuildFile; fileRef = F9D799E22A021181008436C0 /* ComplicationsExtension.appex */; settings = {ATTRIBUTES = (RemoveHeadersOnCopy, ); }; };
		F9D799FA2A0216B6008436C0 /* InhaleRecordModel.swift in Sources */ = {isa = PBXBuildFile; fileRef = F922777329FE31C100E0C42F /* InhaleRecordModel.swift */; };
		F9D799FB2A021899008436C0 /* ChartData.swift in Sources */ = {isa = PBXBuildFile; fileRef = F922777929FE96CC00E0C42F /* ChartData.swift */; };
		F9D799FC2A021A3C008436C0 /* InhaleRecord.swift in Sources */ = {isa = PBXBuildFile; fileRef = F922777129FE2F8D00E0C42F /* InhaleRecord.swift */; };
		F9FE89A12A06B1EC00465DE6 /* PuffModel.xcdatamodeld in Sources */ = {isa = PBXBuildFile; fileRef = F9FE899F2A06B1EC00465DE6 /* PuffModel.xcdatamodeld */; };
		F9FE89A22A06B1EC00465DE6 /* PuffModel.xcdatamodeld in Sources */ = {isa = PBXBuildFile; fileRef = F9FE899F2A06B1EC00465DE6 /* PuffModel.xcdatamodeld */; };
/* End PBXBuildFile section */

/* Begin PBXContainerItemProxy section */
		F922775929FE09BF00E0C42F /* PBXContainerItemProxy */ = {
			isa = PBXContainerItemProxy;
			containerPortal = F922774B29FE09BF00E0C42F /* Project object */;
			proxyType = 1;
			remoteGlobalIDString = F922775629FE09BF00E0C42F;
			remoteInfo = "Ciga Watch App";
		};
		F9D799F12A021182008436C0 /* PBXContainerItemProxy */ = {
			isa = PBXContainerItemProxy;
			containerPortal = F922774B29FE09BF00E0C42F /* Project object */;
			proxyType = 1;
			remoteGlobalIDString = F9D799E12A021181008436C0;
			remoteInfo = ComplicationsExtension;
		};
/* End PBXContainerItemProxy section */

/* Begin PBXCopyFilesBuildPhase section */
		F922776A29FE09C000E0C42F /* Embed Watch Content */ = {
			isa = PBXCopyFilesBuildPhase;
			buildActionMask = 2147483647;
			dstPath = "$(CONTENTS_FOLDER_PATH)/Watch";
			dstSubfolderSpec = 16;
			files = (
				F922775829FE09BF00E0C42F /* Ciga Watch App.app in Embed Watch Content */,
			);
			name = "Embed Watch Content";
			runOnlyForDeploymentPostprocessing = 0;
		};
		F9D799F72A021182008436C0 /* Embed Foundation Extensions */ = {
			isa = PBXCopyFilesBuildPhase;
			buildActionMask = 2147483647;
			dstPath = "";
			dstSubfolderSpec = 13;
			files = (
				F9D799F32A021182008436C0 /* ComplicationsExtension.appex in Embed Foundation Extensions */,
			);
			name = "Embed Foundation Extensions";
			runOnlyForDeploymentPostprocessing = 0;
		};
/* End PBXCopyFilesBuildPhase section */

/* Begin PBXFileReference section */
		F922775129FE09BF00E0C42F /* Ciga.app */ = {isa = PBXFileReference; explicitFileType = wrapper.application; includeInIndex = 0; path = Ciga.app; sourceTree = BUILT_PRODUCTS_DIR; };
		F922775729FE09BF00E0C42F /* Ciga Watch App.app */ = {isa = PBXFileReference; explicitFileType = wrapper.application; includeInIndex = 0; path = "Ciga Watch App.app"; sourceTree = BUILT_PRODUCTS_DIR; };
		F922775C29FE09BF00E0C42F /* CigaApp.swift */ = {isa = PBXFileReference; lastKnownFileType = sourcecode.swift; path = CigaApp.swift; sourceTree = "<group>"; };
		F922775E29FE09BF00E0C42F /* ContentView.swift */ = {isa = PBXFileReference; lastKnownFileType = sourcecode.swift; path = ContentView.swift; sourceTree = "<group>"; };
		F922776029FE09C000E0C42F /* Assets.xcassets */ = {isa = PBXFileReference; lastKnownFileType = folder.assetcatalog; path = Assets.xcassets; sourceTree = "<group>"; };
		F922776329FE09C000E0C42F /* Preview Assets.xcassets */ = {isa = PBXFileReference; lastKnownFileType = folder.assetcatalog; path = "Preview Assets.xcassets"; sourceTree = "<group>"; };
		F922777129FE2F8D00E0C42F /* InhaleRecord.swift */ = {isa = PBXFileReference; lastKnownFileType = sourcecode.swift; path = InhaleRecord.swift; sourceTree = "<group>"; };
		F922777329FE31C100E0C42F /* InhaleRecordModel.swift */ = {isa = PBXFileReference; lastKnownFileType = sourcecode.swift; path = InhaleRecordModel.swift; sourceTree = "<group>"; };
		F922777529FE94D500E0C42F /* TrackerView.swift */ = {isa = PBXFileReference; lastKnownFileType = sourcecode.swift; path = TrackerView.swift; sourceTree = "<group>"; };
		F922777729FE956500E0C42F /* ChartView.swift */ = {isa = PBXFileReference; lastKnownFileType = sourcecode.swift; path = ChartView.swift; sourceTree = "<group>"; };
		F922777929FE96CC00E0C42F /* ChartData.swift */ = {isa = PBXFileReference; lastKnownFileType = sourcecode.swift; path = ChartData.swift; sourceTree = "<group>"; };
		F922777E29FEC02900E0C42F /* Color+AppColors.swift */ = {isa = PBXFileReference; lastKnownFileType = sourcecode.swift; path = "Color+AppColors.swift"; sourceTree = "<group>"; };
		F922778029FEC3F900E0C42F /* DateFormatStyle.swift */ = {isa = PBXFileReference; lastKnownFileType = sourcecode.swift; path = DateFormatStyle.swift; sourceTree = "<group>"; };
		F9D799E22A021181008436C0 /* ComplicationsExtension.appex */ = {isa = PBXFileReference; explicitFileType = "wrapper.app-extension"; includeInIndex = 0; path = ComplicationsExtension.appex; sourceTree = BUILT_PRODUCTS_DIR; };
		F9D799E42A021181008436C0 /* WidgetKit.framework */ = {isa = PBXFileReference; lastKnownFileType = wrapper.framework; name = WidgetKit.framework; path = System/Library/Frameworks/WidgetKit.framework; sourceTree = SDKROOT; };
		F9D799E62A021181008436C0 /* SwiftUI.framework */ = {isa = PBXFileReference; lastKnownFileType = wrapper.framework; name = SwiftUI.framework; path = System/Library/Frameworks/SwiftUI.framework; sourceTree = SDKROOT; };
		F9D799E92A021181008436C0 /* ComplicationsWidget.swift */ = {isa = PBXFileReference; lastKnownFileType = sourcecode.swift; path = ComplicationsWidget.swift; sourceTree = "<group>"; };
		F9D799EB2A021181008436C0 /* Complications.intentdefinition */ = {isa = PBXFileReference; lastKnownFileType = file.intentdefinition; path = Complications.intentdefinition; sourceTree = "<group>"; };
		F9D799EC2A021182008436C0 /* Assets.xcassets */ = {isa = PBXFileReference; lastKnownFileType = folder.assetcatalog; path = Assets.xcassets; sourceTree = "<group>"; };
		F9D799EE2A021182008436C0 /* Info.plist */ = {isa = PBXFileReference; lastKnownFileType = text.plist.xml; path = Info.plist; sourceTree = "<group>"; };
		F9FE89A02A06B1EC00465DE6 /* PuffModel.xcdatamodel */ = {isa = PBXFileReference; lastKnownFileType = wrapper.xcdatamodel; path = PuffModel.xcdatamodel; sourceTree = "<group>"; };
/* End PBXFileReference section */

/* Begin PBXFrameworksBuildPhase section */
		F922775429FE09BF00E0C42F /* Frameworks */ = {
			isa = PBXFrameworksBuildPhase;
			buildActionMask = 2147483647;
			files = (
			);
			runOnlyForDeploymentPostprocessing = 0;
		};
		F9D799DF2A021181008436C0 /* Frameworks */ = {
			isa = PBXFrameworksBuildPhase;
			buildActionMask = 2147483647;
			files = (
				F9D799E72A021181008436C0 /* SwiftUI.framework in Frameworks */,
				F9D799E52A021181008436C0 /* WidgetKit.framework in Frameworks */,
			);
			runOnlyForDeploymentPostprocessing = 0;
		};
/* End PBXFrameworksBuildPhase section */

/* Begin PBXGroup section */
		F922774A29FE09BF00E0C42F = {
			isa = PBXGroup;
			children = (
				F922775B29FE09BF00E0C42F /* Ciga Watch App */,
				F9D799E82A021181008436C0 /* Complications */,
				F9D799E32A021181008436C0 /* Frameworks */,
				F922775229FE09BF00E0C42F /* Products */,
			);
			sourceTree = "<group>";
		};
		F922775229FE09BF00E0C42F /* Products */ = {
			isa = PBXGroup;
			children = (
				F922775129FE09BF00E0C42F /* Ciga.app */,
				F922775729FE09BF00E0C42F /* Ciga Watch App.app */,
				F9D799E22A021181008436C0 /* ComplicationsExtension.appex */,
			);
			name = Products;
			sourceTree = "<group>";
		};
		F922775B29FE09BF00E0C42F /* Ciga Watch App */ = {
			isa = PBXGroup;
			children = (
				F922777D29FEBCB000E0C42F /* Resources */,
				F922777C29FEBC9D00E0C42F /* Views */,
				F922777B29FEA01600E0C42F /* Models */,
				F922775C29FE09BF00E0C42F /* CigaApp.swift */,
				F922776229FE09C000E0C42F /* Preview Content */,
			);
			path = "Ciga Watch App";
			sourceTree = "<group>";
		};
		F922776229FE09C000E0C42F /* Preview Content */ = {
			isa = PBXGroup;
			children = (
				F922776329FE09C000E0C42F /* Preview Assets.xcassets */,
			);
			path = "Preview Content";
			sourceTree = "<group>";
		};
		F922777B29FEA01600E0C42F /* Models */ = {
			isa = PBXGroup;
			children = (
				F922777929FE96CC00E0C42F /* ChartData.swift */,
				F922777329FE31C100E0C42F /* InhaleRecordModel.swift */,
				F922777129FE2F8D00E0C42F /* InhaleRecord.swift */,
				F922777E29FEC02900E0C42F /* Color+AppColors.swift */,
				F922778029FEC3F900E0C42F /* DateFormatStyle.swift */,
			);
			path = Models;
			sourceTree = "<group>";
		};
		F922777C29FEBC9D00E0C42F /* Views */ = {
			isa = PBXGroup;
			children = (
				F922777729FE956500E0C42F /* ChartView.swift */,
				F922777529FE94D500E0C42F /* TrackerView.swift */,
				F922775E29FE09BF00E0C42F /* ContentView.swift */,
			);
			path = Views;
			sourceTree = "<group>";
		};
		F922777D29FEBCB000E0C42F /* Resources */ = {
			isa = PBXGroup;
			children = (
				F922776029FE09C000E0C42F /* Assets.xcassets */,
			);
			path = Resources;
			sourceTree = "<group>";
		};
		F9D799E32A021181008436C0 /* Frameworks */ = {
			isa = PBXGroup;
			children = (
				F9D799E42A021181008436C0 /* WidgetKit.framework */,
				F9D799E62A021181008436C0 /* SwiftUI.framework */,
			);
			name = Frameworks;
			sourceTree = "<group>";
		};
		F9D799E82A021181008436C0 /* Complications */ = {
			isa = PBXGroup;
			children = (
				F9D799E92A021181008436C0 /* ComplicationsWidget.swift */,
				F9FE899F2A06B1EC00465DE6 /* PuffModel.xcdatamodeld */,
				F9D799EB2A021181008436C0 /* Complications.intentdefinition */,
				F9D799EC2A021182008436C0 /* Assets.xcassets */,
				F9D799EE2A021182008436C0 /* Info.plist */,
			);
			path = Complications;
			sourceTree = "<group>";
		};
/* End PBXGroup section */

/* Begin PBXNativeTarget section */
		F922775029FE09BF00E0C42F /* Ciga */ = {
			isa = PBXNativeTarget;
			buildConfigurationList = F922776B29FE09C000E0C42F /* Build configuration list for PBXNativeTarget "Ciga" */;
			buildPhases = (
				F922774F29FE09BF00E0C42F /* Resources */,
				F922776A29FE09C000E0C42F /* Embed Watch Content */,
			);
			buildRules = (
			);
			dependencies = (
				F922775A29FE09BF00E0C42F /* PBXTargetDependency */,
			);
			name = Ciga;
			productName = Ciga;
			productReference = F922775129FE09BF00E0C42F /* Ciga.app */;
			productType = "com.apple.product-type.application.watchapp2-container";
		};
		F922775629FE09BF00E0C42F /* Ciga Watch App */ = {
			isa = PBXNativeTarget;
			buildConfigurationList = F922776729FE09C000E0C42F /* Build configuration list for PBXNativeTarget "Ciga Watch App" */;
			buildPhases = (
				F922775329FE09BF00E0C42F /* Sources */,
				F922775429FE09BF00E0C42F /* Frameworks */,
				F922775529FE09BF00E0C42F /* Resources */,
				F9D799F72A021182008436C0 /* Embed Foundation Extensions */,
			);
			buildRules = (
			);
			dependencies = (
				F9D799F22A021182008436C0 /* PBXTargetDependency */,
			);
			name = "Ciga Watch App";
			productName = "Ciga Watch App";
			productReference = F922775729FE09BF00E0C42F /* Ciga Watch App.app */;
			productType = "com.apple.product-type.application";
		};
		F9D799E12A021181008436C0 /* ComplicationsExtension */ = {
			isa = PBXNativeTarget;
			buildConfigurationList = F9D799F42A021182008436C0 /* Build configuration list for PBXNativeTarget "ComplicationsExtension" */;
			buildPhases = (
				F9D799DE2A021181008436C0 /* Sources */,
				F9D799DF2A021181008436C0 /* Frameworks */,
				F9D799E02A021181008436C0 /* Resources */,
			);
			buildRules = (
			);
			dependencies = (
			);
			name = ComplicationsExtension;
			productName = ComplicationsExtension;
			productReference = F9D799E22A021181008436C0 /* ComplicationsExtension.appex */;
			productType = "com.apple.product-type.app-extension";
		};
/* End PBXNativeTarget section */

/* Begin PBXProject section */
		F922774B29FE09BF00E0C42F /* Project object */ = {
			isa = PBXProject;
			attributes = {
				BuildIndependentTargetsInParallel = 1;
				LastSwiftUpdateCheck = 1430;
				LastUpgradeCheck = 1430;
				TargetAttributes = {
					F922775029FE09BF00E0C42F = {
						CreatedOnToolsVersion = 14.3;
					};
					F922775629FE09BF00E0C42F = {
						CreatedOnToolsVersion = 14.3;
					};
					F9D799E12A021181008436C0 = {
						CreatedOnToolsVersion = 14.3;
					};
				};
			};
			buildConfigurationList = F922774E29FE09BF00E0C42F /* Build configuration list for PBXProject "Ciga" */;
			compatibilityVersion = "Xcode 14.0";
			developmentRegion = en;
			hasScannedForEncodings = 0;
			knownRegions = (
				en,
				Base,
			);
			mainGroup = F922774A29FE09BF00E0C42F;
			productRefGroup = F922775229FE09BF00E0C42F /* Products */;
			projectDirPath = "";
			projectRoot = "";
			targets = (
				F922775029FE09BF00E0C42F /* Ciga */,
				F922775629FE09BF00E0C42F /* Ciga Watch App */,
				F9D799E12A021181008436C0 /* ComplicationsExtension */,
			);
		};
/* End PBXProject section */

/* Begin PBXResourcesBuildPhase section */
		F922774F29FE09BF00E0C42F /* Resources */ = {
			isa = PBXResourcesBuildPhase;
			buildActionMask = 2147483647;
			files = (
			);
			runOnlyForDeploymentPostprocessing = 0;
		};
		F922775529FE09BF00E0C42F /* Resources */ = {
			isa = PBXResourcesBuildPhase;
			buildActionMask = 2147483647;
			files = (
				F922776429FE09C000E0C42F /* Preview Assets.xcassets in Resources */,
				F922776129FE09C000E0C42F /* Assets.xcassets in Resources */,
			);
			runOnlyForDeploymentPostprocessing = 0;
		};
		F9D799E02A021181008436C0 /* Resources */ = {
			isa = PBXResourcesBuildPhase;
			buildActionMask = 2147483647;
			files = (
				F9D799ED2A021182008436C0 /* Assets.xcassets in Resources */,
			);
			runOnlyForDeploymentPostprocessing = 0;
		};
/* End PBXResourcesBuildPhase section */

/* Begin PBXSourcesBuildPhase section */
		F922775329FE09BF00E0C42F /* Sources */ = {
			isa = PBXSourcesBuildPhase;
			buildActionMask = 2147483647;
			files = (
				F922777229FE2F8D00E0C42F /* InhaleRecord.swift in Sources */,
				F922775F29FE09BF00E0C42F /* ContentView.swift in Sources */,
				F9FE89A12A06B1EC00465DE6 /* PuffModel.xcdatamodeld in Sources */,
				F922775D29FE09BF00E0C42F /* CigaApp.swift in Sources */,
				F922778129FEC3F900E0C42F /* DateFormatStyle.swift in Sources */,
				F922777629FE94D500E0C42F /* TrackerView.swift in Sources */,
				F922777A29FE96CC00E0C42F /* ChartData.swift in Sources */,
				F9D799F02A021182008436C0 /* Complications.intentdefinition in Sources */,
				F922777F29FEC02900E0C42F /* Color+AppColors.swift in Sources */,
				F922777429FE31C100E0C42F /* InhaleRecordModel.swift in Sources */,
				F922777829FE956500E0C42F /* ChartView.swift in Sources */,
			);
			runOnlyForDeploymentPostprocessing = 0;
		};
		F9D799DE2A021181008436C0 /* Sources */ = {
			isa = PBXSourcesBuildPhase;
			buildActionMask = 2147483647;
			files = (
				F9D799EF2A021182008436C0 /* Complications.intentdefinition in Sources */,
				F9D799EA2A021181008436C0 /* ComplicationsWidget.swift in Sources */,
				F9D799FB2A021899008436C0 /* ChartData.swift in Sources */,
				F9D799FC2A021A3C008436C0 /* InhaleRecord.swift in Sources */,
				F9FE89A22A06B1EC00465DE6 /* PuffModel.xcdatamodeld in Sources */,
				F9D799FA2A0216B6008436C0 /* InhaleRecordModel.swift in Sources */,
			);
			runOnlyForDeploymentPostprocessing = 0;
		};
/* End PBXSourcesBuildPhase section */

/* Begin PBXTargetDependency section */
		F922775A29FE09BF00E0C42F /* PBXTargetDependency */ = {
			isa = PBXTargetDependency;
			target = F922775629FE09BF00E0C42F /* Ciga Watch App */;
			targetProxy = F922775929FE09BF00E0C42F /* PBXContainerItemProxy */;
		};
		F9D799F22A021182008436C0 /* PBXTargetDependency */ = {
			isa = PBXTargetDependency;
			target = F9D799E12A021181008436C0 /* ComplicationsExtension */;
			targetProxy = F9D799F12A021182008436C0 /* PBXContainerItemProxy */;
		};
/* End PBXTargetDependency section */

/* Begin XCBuildConfiguration section */
		F922776529FE09C000E0C42F /* Debug */ = {
			isa = XCBuildConfiguration;
			buildSettings = {
				ALWAYS_SEARCH_USER_PATHS = NO;
				CLANG_ANALYZER_NONNULL = YES;
				CLANG_ANALYZER_NUMBER_OBJECT_CONVERSION = YES_AGGRESSIVE;
				CLANG_CXX_LANGUAGE_STANDARD = "gnu++20";
				CLANG_ENABLE_MODULES = YES;
				CLANG_ENABLE_OBJC_ARC = YES;
				CLANG_ENABLE_OBJC_WEAK = YES;
				CLANG_WARN_BLOCK_CAPTURE_AUTORELEASING = YES;
				CLANG_WARN_BOOL_CONVERSION = YES;
				CLANG_WARN_COMMA = YES;
				CLANG_WARN_CONSTANT_CONVERSION = YES;
				CLANG_WARN_DEPRECATED_OBJC_IMPLEMENTATIONS = YES;
				CLANG_WARN_DIRECT_OBJC_ISA_USAGE = YES_ERROR;
				CLANG_WARN_DOCUMENTATION_COMMENTS = YES;
				CLANG_WARN_EMPTY_BODY = YES;
				CLANG_WARN_ENUM_CONVERSION = YES;
				CLANG_WARN_INFINITE_RECURSION = YES;
				CLANG_WARN_INT_CONVERSION = YES;
				CLANG_WARN_NON_LITERAL_NULL_CONVERSION = YES;
				CLANG_WARN_OBJC_IMPLICIT_RETAIN_SELF = YES;
				CLANG_WARN_OBJC_LITERAL_CONVERSION = YES;
				CLANG_WARN_OBJC_ROOT_CLASS = YES_ERROR;
				CLANG_WARN_QUOTED_INCLUDE_IN_FRAMEWORK_HEADER = YES;
				CLANG_WARN_RANGE_LOOP_ANALYSIS = YES;
				CLANG_WARN_STRICT_PROTOTYPES = YES;
				CLANG_WARN_SUSPICIOUS_MOVE = YES;
				CLANG_WARN_UNGUARDED_AVAILABILITY = YES_AGGRESSIVE;
				CLANG_WARN_UNREACHABLE_CODE = YES;
				CLANG_WARN__DUPLICATE_METHOD_MATCH = YES;
				COPY_PHASE_STRIP = NO;
				DEBUG_INFORMATION_FORMAT = dwarf;
				ENABLE_STRICT_OBJC_MSGSEND = YES;
				ENABLE_TESTABILITY = YES;
				GCC_C_LANGUAGE_STANDARD = gnu11;
				GCC_DYNAMIC_NO_PIC = NO;
				GCC_NO_COMMON_BLOCKS = YES;
				GCC_OPTIMIZATION_LEVEL = 0;
				GCC_PREPROCESSOR_DEFINITIONS = (
					"DEBUG=1",
					"$(inherited)",
				);
				GCC_WARN_64_TO_32_BIT_CONVERSION = YES;
				GCC_WARN_ABOUT_RETURN_TYPE = YES_ERROR;
				GCC_WARN_UNDECLARED_SELECTOR = YES;
				GCC_WARN_UNINITIALIZED_AUTOS = YES_AGGRESSIVE;
				GCC_WARN_UNUSED_FUNCTION = YES;
				GCC_WARN_UNUSED_VARIABLE = YES;
				MTL_ENABLE_DEBUG_INFO = INCLUDE_SOURCE;
				MTL_FAST_MATH = YES;
				ONLY_ACTIVE_ARCH = YES;
				SWIFT_ACTIVE_COMPILATION_CONDITIONS = DEBUG;
				SWIFT_OPTIMIZATION_LEVEL = "-Onone";
			};
			name = Debug;
		};
		F922776629FE09C000E0C42F /* Release */ = {
			isa = XCBuildConfiguration;
			buildSettings = {
				ALWAYS_SEARCH_USER_PATHS = NO;
				CLANG_ANALYZER_NONNULL = YES;
				CLANG_ANALYZER_NUMBER_OBJECT_CONVERSION = YES_AGGRESSIVE;
				CLANG_CXX_LANGUAGE_STANDARD = "gnu++20";
				CLANG_ENABLE_MODULES = YES;
				CLANG_ENABLE_OBJC_ARC = YES;
				CLANG_ENABLE_OBJC_WEAK = YES;
				CLANG_WARN_BLOCK_CAPTURE_AUTORELEASING = YES;
				CLANG_WARN_BOOL_CONVERSION = YES;
				CLANG_WARN_COMMA = YES;
				CLANG_WARN_CONSTANT_CONVERSION = YES;
				CLANG_WARN_DEPRECATED_OBJC_IMPLEMENTATIONS = YES;
				CLANG_WARN_DIRECT_OBJC_ISA_USAGE = YES_ERROR;
				CLANG_WARN_DOCUMENTATION_COMMENTS = YES;
				CLANG_WARN_EMPTY_BODY = YES;
				CLANG_WARN_ENUM_CONVERSION = YES;
				CLANG_WARN_INFINITE_RECURSION = YES;
				CLANG_WARN_INT_CONVERSION = YES;
				CLANG_WARN_NON_LITERAL_NULL_CONVERSION = YES;
				CLANG_WARN_OBJC_IMPLICIT_RETAIN_SELF = YES;
				CLANG_WARN_OBJC_LITERAL_CONVERSION = YES;
				CLANG_WARN_OBJC_ROOT_CLASS = YES_ERROR;
				CLANG_WARN_QUOTED_INCLUDE_IN_FRAMEWORK_HEADER = YES;
				CLANG_WARN_RANGE_LOOP_ANALYSIS = YES;
				CLANG_WARN_STRICT_PROTOTYPES = YES;
				CLANG_WARN_SUSPICIOUS_MOVE = YES;
				CLANG_WARN_UNGUARDED_AVAILABILITY = YES_AGGRESSIVE;
				CLANG_WARN_UNREACHABLE_CODE = YES;
				CLANG_WARN__DUPLICATE_METHOD_MATCH = YES;
				COPY_PHASE_STRIP = NO;
				DEBUG_INFORMATION_FORMAT = "dwarf-with-dsym";
				ENABLE_NS_ASSERTIONS = NO;
				ENABLE_STRICT_OBJC_MSGSEND = YES;
				GCC_C_LANGUAGE_STANDARD = gnu11;
				GCC_NO_COMMON_BLOCKS = YES;
				GCC_WARN_64_TO_32_BIT_CONVERSION = YES;
				GCC_WARN_ABOUT_RETURN_TYPE = YES_ERROR;
				GCC_WARN_UNDECLARED_SELECTOR = YES;
				GCC_WARN_UNINITIALIZED_AUTOS = YES_AGGRESSIVE;
				GCC_WARN_UNUSED_FUNCTION = YES;
				GCC_WARN_UNUSED_VARIABLE = YES;
				MTL_ENABLE_DEBUG_INFO = NO;
				MTL_FAST_MATH = YES;
				SWIFT_COMPILATION_MODE = wholemodule;
				SWIFT_OPTIMIZATION_LEVEL = "-O";
			};
			name = Release;
		};
		F922776829FE09C000E0C42F /* Debug */ = {
			isa = XCBuildConfiguration;
			buildSettings = {
				ALWAYS_EMBED_SWIFT_STANDARD_LIBRARIES = YES;
				ASSETCATALOG_COMPILER_APPICON_NAME = AppIcon;
				ASSETCATALOG_COMPILER_GLOBAL_ACCENT_COLOR_NAME = AccentColor;
				CODE_SIGN_STYLE = Automatic;
				CURRENT_PROJECT_VERSION = 1;
				DEVELOPMENT_ASSET_PATHS = "\"Ciga Watch App/Preview Content\"";
				DEVELOPMENT_TEAM = F2UDUTZH7S;
				ENABLE_PREVIEWS = YES;
				GENERATE_INFOPLIST_FILE = YES;
				INFOPLIST_KEY_CFBundleDisplayName = Ciga;
				INFOPLIST_KEY_UISupportedInterfaceOrientations = "UIInterfaceOrientationPortrait UIInterfaceOrientationPortraitUpsideDown";
				INFOPLIST_KEY_WKWatchOnly = YES;
				LD_RUNPATH_SEARCH_PATHS = (
					"$(inherited)",
					"@executable_path/Frameworks",
				);
				MARKETING_VERSION = 1.0;
				PRODUCT_BUNDLE_IDENTIFIER = com.pistonsky.Ciga.watchkitapp;
				PRODUCT_NAME = "$(TARGET_NAME)";
				SDKROOT = watchos;
				SKIP_INSTALL = YES;
				SWIFT_EMIT_LOC_STRINGS = YES;
				SWIFT_VERSION = 5.0;
				TARGETED_DEVICE_FAMILY = 4;
				WATCHOS_DEPLOYMENT_TARGET = 9.4;
			};
			name = Debug;
		};
		F922776929FE09C000E0C42F /* Release */ = {
			isa = XCBuildConfiguration;
			buildSettings = {
				ALWAYS_EMBED_SWIFT_STANDARD_LIBRARIES = YES;
				ASSETCATALOG_COMPILER_APPICON_NAME = AppIcon;
				ASSETCATALOG_COMPILER_GLOBAL_ACCENT_COLOR_NAME = AccentColor;
				CODE_SIGN_STYLE = Automatic;
				CURRENT_PROJECT_VERSION = 1;
				DEVELOPMENT_ASSET_PATHS = "\"Ciga Watch App/Preview Content\"";
				DEVELOPMENT_TEAM = F2UDUTZH7S;
				ENABLE_PREVIEWS = YES;
				GENERATE_INFOPLIST_FILE = YES;
				INFOPLIST_KEY_CFBundleDisplayName = Ciga;
				INFOPLIST_KEY_UISupportedInterfaceOrientations = "UIInterfaceOrientationPortrait UIInterfaceOrientationPortraitUpsideDown";
				INFOPLIST_KEY_WKWatchOnly = YES;
				LD_RUNPATH_SEARCH_PATHS = (
					"$(inherited)",
					"@executable_path/Frameworks",
				);
				MARKETING_VERSION = 1.0;
				PRODUCT_BUNDLE_IDENTIFIER = com.pistonsky.Ciga.watchkitapp;
				PRODUCT_NAME = "$(TARGET_NAME)";
				SDKROOT = watchos;
				SKIP_INSTALL = YES;
				SWIFT_EMIT_LOC_STRINGS = YES;
				SWIFT_VERSION = 5.0;
				TARGETED_DEVICE_FAMILY = 4;
				VALIDATE_PRODUCT = YES;
				WATCHOS_DEPLOYMENT_TARGET = 9.4;
			};
			name = Release;
		};
		F922776C29FE09C000E0C42F /* Debug */ = {
			isa = XCBuildConfiguration;
			buildSettings = {
				ALWAYS_EMBED_SWIFT_STANDARD_LIBRARIES = YES;
				CODE_SIGN_STYLE = Automatic;
				CURRENT_PROJECT_VERSION = 1;
				DEVELOPMENT_TEAM = F2UDUTZH7S;
				INFOPLIST_KEY_CFBundleDisplayName = Ciga;
				MARKETING_VERSION = 1.0;
				PRODUCT_BUNDLE_IDENTIFIER = com.pistonsky.Ciga;
				PRODUCT_NAME = "$(TARGET_NAME)";
				SDKROOT = iphoneos;
				SWIFT_VERSION = 5.0;
			};
			name = Debug;
		};
		F922776D29FE09C000E0C42F /* Release */ = {
			isa = XCBuildConfiguration;
			buildSettings = {
				ALWAYS_EMBED_SWIFT_STANDARD_LIBRARIES = YES;
				CODE_SIGN_STYLE = Automatic;
				CURRENT_PROJECT_VERSION = 1;
				DEVELOPMENT_TEAM = F2UDUTZH7S;
				INFOPLIST_KEY_CFBundleDisplayName = Ciga;
				MARKETING_VERSION = 1.0;
				PRODUCT_BUNDLE_IDENTIFIER = com.pistonsky.Ciga;
				PRODUCT_NAME = "$(TARGET_NAME)";
				SDKROOT = iphoneos;
				SWIFT_VERSION = 5.0;
				VALIDATE_PRODUCT = YES;
			};
			name = Release;
		};
		F9D799F52A021182008436C0 /* Debug */ = {
			isa = XCBuildConfiguration;
			buildSettings = {
				ASSETCATALOG_COMPILER_GLOBAL_ACCENT_COLOR_NAME = AccentColor;
				ASSETCATALOG_COMPILER_WIDGET_BACKGROUND_COLOR_NAME = WidgetBackground;
				CODE_SIGN_STYLE = Automatic;
				CURRENT_PROJECT_VERSION = 1;
				DEVELOPMENT_TEAM = F2UDUTZH7S;
				GENERATE_INFOPLIST_FILE = YES;
				INFOPLIST_FILE = Complications/Info.plist;
				INFOPLIST_KEY_CFBundleDisplayName = Complications;
				INFOPLIST_KEY_NSHumanReadableCopyright = "";
				LD_RUNPATH_SEARCH_PATHS = (
					"$(inherited)",
					"@executable_path/Frameworks",
					"@executable_path/../../Frameworks",
					"@executable_path/../../../../Frameworks",
				);
				MARKETING_VERSION = 1.0;
				PRODUCT_BUNDLE_IDENTIFIER = com.pistonsky.Ciga.watchkitapp.Complications;
				PRODUCT_NAME = "$(TARGET_NAME)";
				SDKROOT = watchos;
				SKIP_INSTALL = YES;
				SWIFT_EMIT_LOC_STRINGS = YES;
				SWIFT_VERSION = 5.0;
				TARGETED_DEVICE_FAMILY = 4;
				WATCHOS_DEPLOYMENT_TARGET = 9.4;
			};
			name = Debug;
		};
		F9D799F62A021182008436C0 /* Release */ = {
			isa = XCBuildConfiguration;
			buildSettings = {
				ASSETCATALOG_COMPILER_GLOBAL_ACCENT_COLOR_NAME = AccentColor;
				ASSETCATALOG_COMPILER_WIDGET_BACKGROUND_COLOR_NAME = WidgetBackground;
				CODE_SIGN_STYLE = Automatic;
				CURRENT_PROJECT_VERSION = 1;
				DEVELOPMENT_TEAM = F2UDUTZH7S;
				GENERATE_INFOPLIST_FILE = YES;
				INFOPLIST_FILE = Complications/Info.plist;
				INFOPLIST_KEY_CFBundleDisplayName = Complications;
				INFOPLIST_KEY_NSHumanReadableCopyright = "";
				LD_RUNPATH_SEARCH_PATHS = (
					"$(inherited)",
					"@executable_path/Frameworks",
					"@executable_path/../../Frameworks",
					"@executable_path/../../../../Frameworks",
				);
				MARKETING_VERSION = 1.0;
				PRODUCT_BUNDLE_IDENTIFIER = com.pistonsky.Ciga.watchkitapp.Complications;
				PRODUCT_NAME = "$(TARGET_NAME)";
				SDKROOT = watchos;
				SKIP_INSTALL = YES;
				SWIFT_EMIT_LOC_STRINGS = YES;
				SWIFT_VERSION = 5.0;
				TARGETED_DEVICE_FAMILY = 4;
				VALIDATE_PRODUCT = YES;
				WATCHOS_DEPLOYMENT_TARGET = 9.4;
			};
			name = Release;
		};
/* End XCBuildConfiguration section */

/* Begin XCConfigurationList section */
		F922774E29FE09BF00E0C42F /* Build configuration list for PBXProject "Ciga" */ = {
			isa = XCConfigurationList;
			buildConfigurations = (
				F922776529FE09C000E0C42F /* Debug */,
				F922776629FE09C000E0C42F /* Release */,
			);
			defaultConfigurationIsVisible = 0;
			defaultConfigurationName = Release;
		};
		F922776729FE09C000E0C42F /* Build configuration list for PBXNativeTarget "Ciga Watch App" */ = {
			isa = XCConfigurationList;
			buildConfigurations = (
				F922776829FE09C000E0C42F /* Debug */,
				F922776929FE09C000E0C42F /* Release */,
			);
			defaultConfigurationIsVisible = 0;
			defaultConfigurationName = Release;
		};
		F922776B29FE09C000E0C42F /* Build configuration list for PBXNativeTarget "Ciga" */ = {
			isa = XCConfigurationList;
			buildConfigurations = (
				F922776C29FE09C000E0C42F /* Debug */,
				F922776D29FE09C000E0C42F /* Release */,
			);
			defaultConfigurationIsVisible = 0;
			defaultConfigurationName = Release;
		};
		F9D799F42A021182008436C0 /* Build configuration list for PBXNativeTarget "ComplicationsExtension" */ = {
			isa = XCConfigurationList;
			buildConfigurations = (
				F9D799F52A021182008436C0 /* Debug */,
				F9D799F62A021182008436C0 /* Release */,
			);
			defaultConfigurationIsVisible = 0;
			defaultConfigurationName = Release;
		};
/* End XCConfigurationList section */

/* Begin XCVersionGroup section */
		F9FE899F2A06B1EC00465DE6 /* PuffModel.xcdatamodeld */ = {
			isa = XCVersionGroup;
			children = (
				F9FE89A02A06B1EC00465DE6 /* PuffModel.xcdatamodel */,
			);
			currentVersion = F9FE89A02A06B1EC00465DE6 /* PuffModel.xcdatamodel */;
			name = PuffModel.xcdatamodeld;
			path = ../PuffModel.xcdatamodeld;
			sourceTree = "<group>";
			versionGroupType = wrapper.xcdatamodel;
		};
/* End XCVersionGroup section */
	};
	rootObject = F922774B29FE09BF00E0C42F /* Project object */;
}
